// !$*UTF8*$!
{
	archiveVersion = 1;
	classes = {
	};
	objectVersion = 46;
	objects = {

/* Begin PBXBuildFile section */
		2C0DF8161ED4429A004731C5 /* main.m in Sources */ = {isa = PBXBuildFile; fileRef = 2C0DF8151ED4429A004731C5 /* main.m */; };
		2C0DF8191ED4429A004731C5 /* AppDelegate.m in Sources */ = {isa = PBXBuildFile; fileRef = 2C0DF8181ED4429A004731C5 /* AppDelegate.m */; };
		2C0DF81C1ED4429A004731C5 /* ViewController.m in Sources */ = {isa = PBXBuildFile; fileRef = 2C0DF81B1ED4429A004731C5 /* ViewController.m */; };
		2C0DF81F1ED4429A004731C5 /* Main.storyboard in Resources */ = {isa = PBXBuildFile; fileRef = 2C0DF81D1ED4429A004731C5 /* Main.storyboard */; };
		2C0DF8211ED4429A004731C5 /* Assets.xcassets in Resources */ = {isa = PBXBuildFile; fileRef = 2C0DF8201ED4429A004731C5 /* Assets.xcassets */; };
		2C0DF8241ED4429A004731C5 /* LaunchScreen.storyboard in Resources */ = {isa = PBXBuildFile; fileRef = 2C0DF8221ED4429A004731C5 /* LaunchScreen.storyboard */; };
		2C0DF82F1ED4429A004731C5 /* DeviceInfoTests.m in Sources */ = {isa = PBXBuildFile; fileRef = 2C0DF82E1ED4429A004731C5 /* DeviceInfoTests.m */; };
		2C0DF83A1ED4429A004731C5 /* DeviceInfoUITests.m in Sources */ = {isa = PBXBuildFile; fileRef = 2C0DF8391ED4429A004731C5 /* DeviceInfoUITests.m */; };
		2C0DF8491ED453B7004731C5 /* DeviceTool.m in Sources */ = {isa = PBXBuildFile; fileRef = 2C0DF8481ED453B7004731C5 /* DeviceTool.m */; };
/* End PBXBuildFile section */

/* Begin PBXContainerItemProxy section */
		2C0DF82B1ED4429A004731C5 /* PBXContainerItemProxy */ = {
			isa = PBXContainerItemProxy;
			containerPortal = 2C0DF8091ED4429A004731C5 /* Project object */;
			proxyType = 1;
			remoteGlobalIDString = 2C0DF8101ED4429A004731C5;
			remoteInfo = DeviceInfo;
		};
		2C0DF8361ED4429A004731C5 /* PBXContainerItemProxy */ = {
			isa = PBXContainerItemProxy;
			containerPortal = 2C0DF8091ED4429A004731C5 /* Project object */;
			proxyType = 1;
			remoteGlobalIDString = 2C0DF8101ED4429A004731C5;
			remoteInfo = DeviceInfo;
		};
/* End PBXContainerItemProxy section */

/* Begin PBXFileReference section */
		2C0DF8111ED4429A004731C5 /* DeviceInfo.app */ = {isa = PBXFileReference; explicitFileType = wrapper.application; includeInIndex = 0; path = DeviceInfo.app; sourceTree = BUILT_PRODUCTS_DIR; };
		2C0DF8151ED4429A004731C5 /* main.m */ = {isa = PBXFileReference; lastKnownFileType = sourcecode.c.objc; path = main.m; sourceTree = "<group>"; };
		2C0DF8171ED4429A004731C5 /* AppDelegate.h */ = {isa = PBXFileReference; lastKnownFileType = sourcecode.c.h; path = AppDelegate.h; sourceTree = "<group>"; };
		2C0DF8181ED4429A004731C5 /* AppDelegate.m */ = {isa = PBXFileReference; lastKnownFileType = sourcecode.c.objc; path = AppDelegate.m; sourceTree = "<group>"; };
		2C0DF81A1ED4429A004731C5 /* ViewController.h */ = {isa = PBXFileReference; lastKnownFileType = sourcecode.c.h; path = ViewController.h; sourceTree = "<group>"; };
		2C0DF81B1ED4429A004731C5 /* ViewController.m */ = {isa = PBXFileReference; lastKnownFileType = sourcecode.c.objc; path = ViewController.m; sourceTree = "<group>"; };
		2C0DF81E1ED4429A004731C5 /* Base */ = {isa = PBXFileReference; lastKnownFileType = file.storyboard; name = Base; path = Base.lproj/Main.storyboard; sourceTree = "<group>"; };
		2C0DF8201ED4429A004731C5 /* Assets.xcassets */ = {isa = PBXFileReference; lastKnownFileType = folder.assetcatalog; path = Assets.xcassets; sourceTree = "<group>"; };
		2C0DF8231ED4429A004731C5 /* Base */ = {isa = PBXFileReference; lastKnownFileType = file.storyboard; name = Base; path = Base.lproj/LaunchScreen.storyboard; sourceTree = "<group>"; };
		2C0DF8251ED4429A004731C5 /* Info.plist */ = {isa = PBXFileReference; lastKnownFileType = text.plist.xml; path = Info.plist; sourceTree = "<group>"; };
		2C0DF82A1ED4429A004731C5 /* DeviceInfoTests.xctest */ = {isa = PBXFileReference; explicitFileType = wrapper.cfbundle; includeInIndex = 0; path = DeviceInfoTests.xctest; sourceTree = BUILT_PRODUCTS_DIR; };
		2C0DF82E1ED4429A004731C5 /* DeviceInfoTests.m */ = {isa = PBXFileReference; lastKnownFileType = sourcecode.c.objc; path = DeviceInfoTests.m; sourceTree = "<group>"; };
		2C0DF8301ED4429A004731C5 /* Info.plist */ = {isa = PBXFileReference; lastKnownFileType = text.plist.xml; path = Info.plist; sourceTree = "<group>"; };
		2C0DF8351ED4429A004731C5 /* DeviceInfoUITests.xctest */ = {isa = PBXFileReference; explicitFileType = wrapper.cfbundle; includeInIndex = 0; path = DeviceInfoUITests.xctest; sourceTree = BUILT_PRODUCTS_DIR; };
		2C0DF8391ED4429A004731C5 /* DeviceInfoUITests.m */ = {isa = PBXFileReference; lastKnownFileType = sourcecode.c.objc; path = DeviceInfoUITests.m; sourceTree = "<group>"; };
		2C0DF83B1ED4429A004731C5 /* Info.plist */ = {isa = PBXFileReference; lastKnownFileType = text.plist.xml; path = Info.plist; sourceTree = "<group>"; };
		2C0DF8471ED453B7004731C5 /* DeviceTool.h */ = {isa = PBXFileReference; fileEncoding = 4; lastKnownFileType = sourcecode.c.h; path = DeviceTool.h; sourceTree = "<group>"; };
		2C0DF8481ED453B7004731C5 /* DeviceTool.m */ = {isa = PBXFileReference; fileEncoding = 4; lastKnownFileType = sourcecode.c.objc; path = DeviceTool.m; sourceTree = "<group>"; };
/* End PBXFileReference section */

/* Begin PBXFrameworksBuildPhase section */
		2C0DF80E1ED4429A004731C5 /* Frameworks */ = {
			isa = PBXFrameworksBuildPhase;
			buildActionMask = 2147483647;
			files = (
			);
			runOnlyForDeploymentPostprocessing = 0;
		};
		2C0DF8271ED4429A004731C5 /* Frameworks */ = {
			isa = PBXFrameworksBuildPhase;
			buildActionMask = 2147483647;
			files = (
			);
			runOnlyForDeploymentPostprocessing = 0;
		};
		2C0DF8321ED4429A004731C5 /* Frameworks */ = {
			isa = PBXFrameworksBuildPhase;
			buildActionMask = 2147483647;
			files = (
			);
			runOnlyForDeploymentPostprocessing = 0;
		};
/* End PBXFrameworksBuildPhase section */

/* Begin PBXGroup section */
		2C0DF8081ED4429A004731C5 = {
			isa = PBXGroup;
			children = (
				2C0DF8131ED4429A004731C5 /* DeviceInfo */,
				2C0DF82D1ED4429A004731C5 /* DeviceInfoTests */,
				2C0DF8381ED4429A004731C5 /* DeviceInfoUITests */,
				2C0DF8121ED4429A004731C5 /* Products */,
			);
			sourceTree = "<group>";
		};
		2C0DF8121ED4429A004731C5 /* Products */ = {
			isa = PBXGroup;
			children = (
				2C0DF8111ED4429A004731C5 /* DeviceInfo.app */,
				2C0DF82A1ED4429A004731C5 /* DeviceInfoTests.xctest */,
				2C0DF8351ED4429A004731C5 /* DeviceInfoUITests.xctest */,
			);
			name = Products;
			sourceTree = "<group>";
		};
		2C0DF8131ED4429A004731C5 /* DeviceInfo */ = {
			isa = PBXGroup;
			children = (
				2C0DF8471ED453B7004731C5 /* DeviceTool.h */,
				2C0DF8481ED453B7004731C5 /* DeviceTool.m */,
				2C0DF8171ED4429A004731C5 /* AppDelegate.h */,
				2C0DF8181ED4429A004731C5 /* AppDelegate.m */,
				2C0DF81A1ED4429A004731C5 /* ViewController.h */,
				2C0DF81B1ED4429A004731C5 /* ViewController.m */,
				2C0DF81D1ED4429A004731C5 /* Main.storyboard */,
				2C0DF8201ED4429A004731C5 /* Assets.xcassets */,
				2C0DF8221ED4429A004731C5 /* LaunchScreen.storyboard */,
				2C0DF8251ED4429A004731C5 /* Info.plist */,
				2C0DF8141ED4429A004731C5 /* Supporting Files */,
			);
			path = DeviceInfo;
			sourceTree = "<group>";
		};
		2C0DF8141ED4429A004731C5 /* Supporting Files */ = {
			isa = PBXGroup;
			children = (
				2C0DF8151ED4429A004731C5 /* main.m */,
			);
			name = "Supporting Files";
			sourceTree = "<group>";
		};
		2C0DF82D1ED4429A004731C5 /* DeviceInfoTests */ = {
			isa = PBXGroup;
			children = (
				2C0DF82E1ED4429A004731C5 /* DeviceInfoTests.m */,
				2C0DF8301ED4429A004731C5 /* Info.plist */,
			);
			path = DeviceInfoTests;
			sourceTree = "<group>";
		};
		2C0DF8381ED4429A004731C5 /* DeviceInfoUITests */ = {
			isa = PBXGroup;
			children = (
				2C0DF8391ED4429A004731C5 /* DeviceInfoUITests.m */,
				2C0DF83B1ED4429A004731C5 /* Info.plist */,
			);
			path = DeviceInfoUITests;
			sourceTree = "<group>";
		};
/* End PBXGroup section */

/* Begin PBXNativeTarget section */
		2C0DF8101ED4429A004731C5 /* DeviceInfo */ = {
			isa = PBXNativeTarget;
			buildConfigurationList = 2C0DF83E1ED4429A004731C5 /* Build configuration list for PBXNativeTarget "DeviceInfo" */;
			buildPhases = (
				2C0DF80D1ED4429A004731C5 /* Sources */,
				2C0DF80E1ED4429A004731C5 /* Frameworks */,
				2C0DF80F1ED4429A004731C5 /* Resources */,
			);
			buildRules = (
			);
			dependencies = (
			);
			name = DeviceInfo;
			productName = DeviceInfo;
			productReference = 2C0DF8111ED4429A004731C5 /* DeviceInfo.app */;
			productType = "com.apple.product-type.application";
		};
		2C0DF8291ED4429A004731C5 /* DeviceInfoTests */ = {
			isa = PBXNativeTarget;
			buildConfigurationList = 2C0DF8411ED4429A004731C5 /* Build configuration list for PBXNativeTarget "DeviceInfoTests" */;
			buildPhases = (
				2C0DF8261ED4429A004731C5 /* Sources */,
				2C0DF8271ED4429A004731C5 /* Frameworks */,
				2C0DF8281ED4429A004731C5 /* Resources */,
			);
			buildRules = (
			);
			dependencies = (
				2C0DF82C1ED4429A004731C5 /* PBXTargetDependency */,
			);
			name = DeviceInfoTests;
			productName = DeviceInfoTests;
			productReference = 2C0DF82A1ED4429A004731C5 /* DeviceInfoTests.xctest */;
			productType = "com.apple.product-type.bundle.unit-test";
		};
		2C0DF8341ED4429A004731C5 /* DeviceInfoUITests */ = {
			isa = PBXNativeTarget;
			buildConfigurationList = 2C0DF8441ED4429A004731C5 /* Build configuration list for PBXNativeTarget "DeviceInfoUITests" */;
			buildPhases = (
				2C0DF8311ED4429A004731C5 /* Sources */,
				2C0DF8321ED4429A004731C5 /* Frameworks */,
				2C0DF8331ED4429A004731C5 /* Resources */,
			);
			buildRules = (
			);
			dependencies = (
				2C0DF8371ED4429A004731C5 /* PBXTargetDependency */,
			);
			name = DeviceInfoUITests;
			productName = DeviceInfoUITests;
			productReference = 2C0DF8351ED4429A004731C5 /* DeviceInfoUITests.xctest */;
			productType = "com.apple.product-type.bundle.ui-testing";
		};
/* End PBXNativeTarget section */

/* Begin PBXProject section */
		2C0DF8091ED4429A004731C5 /* Project object */ = {
			isa = PBXProject;
			attributes = {
				LastUpgradeCheck = 0830;
				ORGANIZATIONNAME = lilu;
				TargetAttributes = {
					2C0DF8101ED4429A004731C5 = {
						CreatedOnToolsVersion = 8.3.2;
						DevelopmentTeam = JS5T2FLQ2B;
						ProvisioningStyle = Automatic;
					};
					2C0DF8291ED4429A004731C5 = {
						CreatedOnToolsVersion = 8.3.2;
						DevelopmentTeam = JS5T2FLQ2B;
						ProvisioningStyle = Automatic;
						TestTargetID = 2C0DF8101ED4429A004731C5;
					};
					2C0DF8341ED4429A004731C5 = {
						CreatedOnToolsVersion = 8.3.2;
						DevelopmentTeam = JS5T2FLQ2B;
						ProvisioningStyle = Automatic;
						TestTargetID = 2C0DF8101ED4429A004731C5;
					};
				};
			};
			buildConfigurationList = 2C0DF80C1ED4429A004731C5 /* Build configuration list for PBXProject "DeviceInfo" */;
			compatibilityVersion = "Xcode 3.2";
			developmentRegion = English;
			hasScannedForEncodings = 0;
			knownRegions = (
				en,
				Base,
			);
			mainGroup = 2C0DF8081ED4429A004731C5;
			productRefGroup = 2C0DF8121ED4429A004731C5 /* Products */;
			projectDirPath = "";
			projectRoot = "";
			targets = (
				2C0DF8101ED4429A004731C5 /* DeviceInfo */,
				2C0DF8291ED4429A004731C5 /* DeviceInfoTests */,
				2C0DF8341ED4429A004731C5 /* DeviceInfoUITests */,
			);
		};
/* End PBXProject section */

/* Begin PBXResourcesBuildPhase section */
		2C0DF80F1ED4429A004731C5 /* Resources */ = {
			isa = PBXResourcesBuildPhase;
			buildActionMask = 2147483647;
			files = (
				2C0DF8241ED4429A004731C5 /* LaunchScreen.storyboard in Resources */,
				2C0DF8211ED4429A004731C5 /* Assets.xcassets in Resources */,
				2C0DF81F1ED4429A004731C5 /* Main.storyboard in Resources */,
			);
			runOnlyForDeploymentPostprocessing = 0;
		};
		2C0DF8281ED4429A004731C5 /* Resources */ = {
			isa = PBXResourcesBuildPhase;
			buildActionMask = 2147483647;
			files = (
			);
			runOnlyForDeploymentPostprocessing = 0;
		};
		2C0DF8331ED4429A004731C5 /* Resources */ = {
			isa = PBXResourcesBuildPhase;
			buildActionMask = 2147483647;
			files = (
			);
			runOnlyForDeploymentPostprocessing = 0;
		};
/* End PBXResourcesBuildPhase section */

/* Begin PBXSourcesBuildPhase section */
		2C0DF80D1ED4429A004731C5 /* Sources */ = {
			isa = PBXSourcesBuildPhase;
			buildActionMask = 2147483647;
			files = (
				2C0DF81C1ED4429A004731C5 /* ViewController.m in Sources */,
				2C0DF8491ED453B7004731C5 /* DeviceTool.m in Sources */,
				2C0DF8191ED4429A004731C5 /* AppDelegate.m in Sources */,
				2C0DF8161ED4429A004731C5 /* main.m in Sources */,
			);
			runOnlyForDeploymentPostprocessing = 0;
		};
		2C0DF8261ED4429A004731C5 /* Sources */ = {
			isa = PBXSourcesBuildPhase;
			buildActionMask = 2147483647;
			files = (
				2C0DF82F1ED4429A004731C5 /* DeviceInfoTests.m in Sources */,
			);
			runOnlyForDeploymentPostprocessing = 0;
		};
		2C0DF8311ED4429A004731C5 /* Sources */ = {
			isa = PBXSourcesBuildPhase;
			buildActionMask = 2147483647;
			files = (
				2C0DF83A1ED4429A004731C5 /* DeviceInfoUITests.m in Sources */,
			);
			runOnlyForDeploymentPostprocessing = 0;
		};
/* End PBXSourcesBuildPhase section */

/* Begin PBXTargetDependency section */
		2C0DF82C1ED4429A004731C5 /* PBXTargetDependency */ = {
			isa = PBXTargetDependency;
			target = 2C0DF8101ED4429A004731C5 /* DeviceInfo */;
			targetProxy = 2C0DF82B1ED4429A004731C5 /* PBXContainerItemProxy */;
		};
		2C0DF8371ED4429A004731C5 /* PBXTargetDependency */ = {
			isa = PBXTargetDependency;
			target = 2C0DF8101ED4429A004731C5 /* DeviceInfo */;
			targetProxy = 2C0DF8361ED4429A004731C5 /* PBXContainerItemProxy */;
		};
/* End PBXTargetDependency section */

/* Begin PBXVariantGroup section */
		2C0DF81D1ED4429A004731C5 /* Main.storyboard */ = {
			isa = PBXVariantGroup;
			children = (
				2C0DF81E1ED4429A004731C5 /* Base */,
			);
			name = Main.storyboard;
			sourceTree = "<group>";
		};
		2C0DF8221ED4429A004731C5 /* LaunchScreen.storyboard */ = {
			isa = PBXVariantGroup;
			children = (
				2C0DF8231ED4429A004731C5 /* Base */,
			);
			name = LaunchScreen.storyboard;
			sourceTree = "<group>";
		};
/* End PBXVariantGroup section */

/* Begin XCBuildConfiguration section */
		2C0DF83C1ED4429A004731C5 /* Debug */ = {
			isa = XCBuildConfiguration;
			buildSettings = {
				ALWAYS_SEARCH_USER_PATHS = NO;
				CLANG_ANALYZER_NONNULL = YES;
				CLANG_ANALYZER_NUMBER_OBJECT_CONVERSION = YES_AGGRESSIVE;
				CLANG_CXX_LANGUAGE_STANDARD = "gnu++0x";
				CLANG_CXX_LIBRARY = "libc++";
				CLANG_ENABLE_MODULES = YES;
				CLANG_ENABLE_OBJC_ARC = YES;
				CLANG_WARN_BOOL_CONVERSION = YES;
				CLANG_WARN_CONSTANT_CONVERSION = YES;
				CLANG_WARN_DIRECT_OBJC_ISA_USAGE = YES_ERROR;
				CLANG_WARN_DOCUMENTATION_COMMENTS = YES;
				CLANG_WARN_EMPTY_BODY = YES;
				CLANG_WARN_ENUM_CONVERSION = YES;
				CLANG_WARN_INFINITE_RECURSION = YES;
				CLANG_WARN_INT_CONVERSION = YES;
				CLANG_WARN_OBJC_ROOT_CLASS = YES_ERROR;
				CLANG_WARN_SUSPICIOUS_MOVE = YES;
				CLANG_WARN_UNREACHABLE_CODE = YES;
				CLANG_WARN__DUPLICATE_METHOD_MATCH = YES;
				"CODE_SIGN_IDENTITY[sdk=iphoneos*]" = "iPhone Developer";
				COPY_PHASE_STRIP = NO;
				DEBUG_INFORMATION_FORMAT = dwarf;
				ENABLE_STRICT_OBJC_MSGSEND = YES;
				ENABLE_TESTABILITY = YES;
				GCC_C_LANGUAGE_STANDARD = gnu99;
				GCC_DYNAMIC_NO_PIC = NO;
				GCC_NO_COMMON_BLOCKS = YES;
				GCC_OPTIMIZATION_LEVEL = 0;
				GCC_PREPROCESSOR_DEFINITIONS = (
					"DEBUG=1",
					"$(inherited)",
				);
				GCC_WARN_64_TO_32_BIT_CONVERSION = YES;
				GCC_WARN_ABOUT_RETURN_TYPE = YES_ERROR;
				GCC_WARN_UNDECLARED_SELECTOR = YES;
				GCC_WARN_UNINITIALIZED_AUTOS = YES_AGGRESSIVE;
				GCC_WARN_UNUSED_FUNCTION = YES;
				GCC_WARN_UNUSED_VARIABLE = YES;
				IPHONEOS_DEPLOYMENT_TARGET = 10.3;
				MTL_ENABLE_DEBUG_INFO = YES;
				ONLY_ACTIVE_ARCH = YES;
				SDKROOT = iphoneos;
				TARGETED_DEVICE_FAMILY = "1,2";
			};
			name = Debug;
		};
		2C0DF83D1ED4429A004731C5 /* Release */ = {
			isa = XCBuildConfiguration;
			buildSettings = {
				ALWAYS_SEARCH_USER_PATHS = NO;
				CLANG_ANALYZER_NONNULL = YES;
				CLANG_ANALYZER_NUMBER_OBJECT_CONVERSION = YES_AGGRESSIVE;
				CLANG_CXX_LANGUAGE_STANDARD = "gnu++0x";
				CLANG_CXX_LIBRARY = "libc++";
				CLANG_ENABLE_MODULES = YES;
				CLANG_ENABLE_OBJC_ARC = YES;
				CLANG_WARN_BOOL_CONVERSION = YES;
				CLANG_WARN_CONSTANT_CONVERSION = YES;
				CLANG_WARN_DIRECT_OBJC_ISA_USAGE = YES_ERROR;
				CLANG_WARN_DOCUMENTATION_COMMENTS = YES;
				CLANG_WARN_EMPTY_BODY = YES;
				CLANG_WARN_ENUM_CONVERSION = YES;
				CLANG_WARN_INFINITE_RECURSION = YES;
				CLANG_WARN_INT_CONVERSION = YES;
				CLANG_WARN_OBJC_ROOT_CLASS = YES_ERROR;
				CLANG_WARN_SUSPICIOUS_MOVE = YES;
				CLANG_WARN_UNREACHABLE_CODE = YES;
				CLANG_WARN__DUPLICATE_METHOD_MATCH = YES;
				"CODE_SIGN_IDENTITY[sdk=iphoneos*]" = "iPhone Developer";
				COPY_PHASE_STRIP = NO;
				DEBUG_INFORMATION_FORMAT = "dwarf-with-dsym";
				ENABLE_NS_ASSERTIONS = NO;
				ENABLE_STRICT_OBJC_MSGSEND = YES;
				GCC_C_LANGUAGE_STANDARD = gnu99;
				GCC_NO_COMMON_BLOCKS = YES;
				GCC_WARN_64_TO_32_BIT_CONVERSION = YES;
				GCC_WARN_ABOUT_RETURN_TYPE = YES_ERROR;
				GCC_WARN_UNDECLARED_SELECTOR = YES;
				GCC_WARN_UNINITIALIZED_AUTOS = YES_AGGRESSIVE;
				GCC_WARN_UNUSED_FUNCTION = YES;
				GCC_WARN_UNUSED_VARIABLE = YES;
				IPHONEOS_DEPLOYMENT_TARGET = 10.3;
				MTL_ENABLE_DEBUG_INFO = NO;
				SDKROOT = iphoneos;
				TARGETED_DEVICE_FAMILY = "1,2";
				VALIDATE_PRODUCT = YES;
			};
			name = Release;
		};
		2C0DF83F1ED4429A004731C5 /* Debug */ = {
			isa = XCBuildConfiguration;
			buildSettings = {
				ASSETCATALOG_COMPILER_APPICON_NAME = AppIcon;
				DEVELOPMENT_TEAM = JS5T2FLQ2B;
				INFOPLIST_FILE = DeviceInfo/Info.plist;
				LD_RUNPATH_SEARCH_PATHS = "$(inherited) @executable_path/Frameworks";
				PRODUCT_BUNDLE_IDENTIFIER = com.lilu.DeviceInfo;
				PRODUCT_NAME = "$(TARGET_NAME)";
			};
			name = Debug;
		};
		2C0DF8401ED4429A004731C5 /* Release */ = {
			isa = XCBuildConfiguration;
			buildSettings = {
				ASSETCATALOG_COMPILER_APPICON_NAME = AppIcon;
				DEVELOPMENT_TEAM = JS5T2FLQ2B;
				INFOPLIST_FILE = DeviceInfo/Info.plist;
				LD_RUNPATH_SEARCH_PATHS = "$(inherited) @executable_path/Frameworks";
				PRODUCT_BUNDLE_IDENTIFIER = com.lilu.DeviceInfo;
				PRODUCT_NAME = "$(TARGET_NAME)";
			};
			name = Release;
		};
		2C0DF8421ED4429A004731C5 /* Debug */ = {
			isa = XCBuildConfiguration;
			buildSettings = {
				BUNDLE_LOADER = "$(TEST_HOST)";
				DEVELOPMENT_TEAM = JS5T2FLQ2B;
				INFOPLIST_FILE = DeviceInfoTests/Info.plist;
				LD_RUNPATH_SEARCH_PATHS = "$(inherited) @executable_path/Frameworks @loader_path/Frameworks";
				PRODUCT_BUNDLE_IDENTIFIER = com.lilu.DeviceInfoTests;
				PRODUCT_NAME = "$(TARGET_NAME)";
				TEST_HOST = "$(BUILT_PRODUCTS_DIR)/DeviceInfo.app/DeviceInfo";
			};
			name = Debug;
		};
		2C0DF8431ED4429A004731C5 /* Release */ = {
			isa = XCBuildConfiguration;
			buildSettings = {
				BUNDLE_LOADER = "$(TEST_HOST)";
				DEVELOPMENT_TEAM = JS5T2FLQ2B;
				INFOPLIST_FILE = DeviceInfoTests/Info.plist;
				LD_RUNPATH_SEARCH_PATHS = "$(inherited) @executable_path/Frameworks @loader_path/Frameworks";
				PRODUCT_BUNDLE_IDENTIFIER = com.lilu.DeviceInfoTests;
				PRODUCT_NAME = "$(TARGET_NAME)";
				TEST_HOST = "$(BUILT_PRODUCTS_DIR)/DeviceInfo.app/DeviceInfo";
			};
			name = Release;
		};
		2C0DF8451ED4429A004731C5 /* Debug */ = {
			isa = XCBuildConfiguration;
			buildSettings = {
				DEVELOPMENT_TEAM = JS5T2FLQ2B;
				INFOPLIST_FILE = DeviceInfoUITests/Info.plist;
				LD_RUNPATH_SEARCH_PATHS = "$(inherited) @executable_path/Frameworks @loader_path/Frameworks";
				PRODUCT_BUNDLE_IDENTIFIER = com.lilu.DeviceInfoUITests;
				PRODUCT_NAME = "$(TARGET_NAME)";
				TEST_TARGET_NAME = DeviceInfo;
			};
			name = Debug;
		};
		2C0DF8461ED4429A004731C5 /* Release */ = {
			isa = XCBuildConfiguration;
			buildSettings = {
				DEVELOPMENT_TEAM = JS5T2FLQ2B;
				INFOPLIST_FILE = DeviceInfoUITests/Info.plist;
				LD_RUNPATH_SEARCH_PATHS = "$(inherited) @executable_path/Frameworks @loader_path/Frameworks";
				PRODUCT_BUNDLE_IDENTIFIER = com.lilu.DeviceInfoUITests;
				PRODUCT_NAME = "$(TARGET_NAME)";
				TEST_TARGET_NAME = DeviceInfo;
			};
			name = Release;
		};
/* End XCBuildConfiguration section */

/* Begin XCConfigurationList section */
		2C0DF80C1ED4429A004731C5 /* Build configuration list for PBXProject "DeviceInfo" */ = {
			isa = XCConfigurationList;
			buildConfigurations = (
				2C0DF83C1ED4429A004731C5 /* Debug */,
				2C0DF83D1ED4429A004731C5 /* Release */,
			);
			defaultConfigurationIsVisible = 0;
			defaultConfigurationName = Release;
		};
		2C0DF83E1ED4429A004731C5 /* Build configuration list for PBXNativeTarget "DeviceInfo" */ = {
			isa = XCConfigurationList;
			buildConfigurations = (
				2C0DF83F1ED4429A004731C5 /* Debug */,
				2C0DF8401ED4429A004731C5 /* Release */,
			);
			defaultConfigurationIsVisible = 0;
			defaultConfigurationName = Release;
		};
		2C0DF8411ED4429A004731C5 /* Build configuration list for PBXNativeTarget "DeviceInfoTests" */ = {
			isa = XCConfigurationList;
			buildConfigurations = (
				2C0DF8421ED4429A004731C5 /* Debug */,
				2C0DF8431ED4429A004731C5 /* Release */,
			);
			defaultConfigurationIsVisible = 0;
			defaultConfigurationName = Release;
		};
		2C0DF8441ED4429A004731C5 /* Build configuration list for PBXNativeTarget "DeviceInfoUITests" */ = {
			isa = XCConfigurationList;
			buildConfigurations = (
				2C0DF8451ED4429A004731C5 /* Debug */,
				2C0DF8461ED4429A004731C5 /* Release */,
			);
			defaultConfigurationIsVisible = 0;
			defaultConfigurationName = Release;
		};
/* End XCConfigurationList section */
	};
	rootObject = 2C0DF8091ED4429A004731C5 /* Project object */;
}
